<?xml version="1.0" encoding="utf-8"?>
<Project ToolsVersion="4.0" xmlns="http://schemas.microsoft.com/developer/msbuild/2003">
  <ItemGroup>
    <Filter Include="Source Files">
      <UniqueIdentifier>{4FC737F1-C7A5-4376-A066-2A32D752A2FF}</UniqueIdentifier>
      <Extensions>cpp;c;cc;cxx;c++;cppm;ixx;def;odl;idl;hpj;bat;asm;asmx</Extensions>
    </Filter>
    <Filter Include="Header Files">
      <UniqueIdentifier>{93995380-89BD-4b04-88EB-625FBE52EBFB}</UniqueIdentifier>
      <Extensions>h;hh;hpp;hxx;h++;hm;inl;inc;ipp;xsd</Extensions>
    </Filter>
    <Filter Include="Resource Files">
      <UniqueIdentifier>{67DA6AB6-F800-4c08-8B7A-83BB121AAD01}</UniqueIdentifier>
      <Extensions>rc;ico;cur;bmp;dlg;rc2;rct;bin;rgs;gif;jpg;jpeg;jpe;resx;tiff;tif;png;wav;mfcribbon-ms</Extensions>
    </Filter>
    <Filter Include="Jpeg">
      <UniqueIdentifier>{450705df-c3eb-4bb7-84d9-126e4832283b}</UniqueIdentifier>
    </Filter>
    <Filter Include="Png">
      <UniqueIdentifier>{a1e7e51b-4917-4d22-ab2e-8119a75c0892}</UniqueIdentifier>
    </Filter>
    <Filter Include="Png\lodepng">
      <UniqueIdentifier>{aecf57a1-6b8a-4de0-a30e-916c8e5f7169}</UniqueIdentifier>
    </Filter>
  </ItemGroup>
  <ItemGroup>
    <ClCompile Include="loadImage.cpp">
      <Filter>Source Files</Filter>
    </ClCompile>
    <ClCompile Include="readBinaryFile.cpp">
      <Filter>Source Files</Filter>
    </ClCompile>
    <ClCompile Include="saveImage.cpp">
      <Filter>Source Files</Filter>
    </ClCompile>
    <ClCompile Include="loadJpeg.cpp">
      <Filter>Jpeg</Filter>
    </ClCompile>
    <ClCompile Include="loadPng.cpp">
      <Filter>Png</Filter>
    </ClCompile>
    <ClCompile Include="thirdparty\lodepng\lodepng\lodepng.cpp">
      <Filter>Png\lodepng</Filter>
    </ClCompile>
  </ItemGroup>
  <ItemGroup>
    <ClInclude Include="BitmapImpl.h">
      <Filter>Header Files</Filter>
    </ClInclude>
    <ClInclude Include="IBitmap.h">
      <Filter>Header Files</Filter>
    </ClInclude>
    <ClInclude Include="loadImage.h">
      <Filter>Header Files</Filter>
    </ClInclude>
    <ClInclude Include="readBinaryFile.h">
      <Filter>Header Files</Filter>
    </ClInclude>
    <ClInclude Include="saveImage.h">
      <Filter>Header Files</Filter>
    </ClInclude>
    <ClInclude Include="loadJpeg.h">
      <Filter>Jpeg</Filter>
    </ClInclude>
    <ClInclude Include="loadPng.h">
      <Filter>Png</Filter>
    </ClInclude>
    <ClInclude Include="thirdparty\lodepng\lodepng\lodepng.h">
      <Filter>Png\lodepng</Filter>
    </ClInclude>
  </ItemGroup>
</Project>