
Microsoft Visual Studio Solution File, Format Version 12.00
# Visual Studio Version 17
VisualStudioVersion = 17.13.35806.99
MinimumVisualStudioVersion = 10.0.40219.1
Project("{8BC9CEB8-8B4A-11D0-8D11-00A0C91BC942}") = "ImageIO", "ImageIO.vcxproj", "{6AAB0370-1BB8-41AC-B950-4FC8AC253C3A}"
EndProject
Global
	GlobalSection(SolutionConfigurationPlatforms) = preSolution
		Debug|x64 = Debug|x64
		Release|x64 = Release|x64
	EndGlobalSection
	GlobalSection(ProjectConfigurationPlatforms) = postSolution
		{6AAB0370-1BB8-41AC-B950-4FC8AC253C3A}.Debug|x64.ActiveCfg = Debug|x64
		{6AAB0370-1BB8-41AC-B950-4FC8AC253C3A}.Debug|x64.Build.0 = Debug|x64
		{6AAB0370-1BB8-41AC-B950-4FC8AC253C3A}.Release|x64.ActiveCfg = Release|x64
		{6AAB0370-1BB8-41AC-B950-4FC8AC253C3A}.Release|x64.Build.0 = Release|x64
	EndGlobalSection
	GlobalSection(SolutionProperties) = preSolution
		HideSolutionNode = FALSE
	EndGlobalSection
	GlobalSection(ExtensibilityGlobals) = postSolution
		SolutionGuid = {B3A091FA-98AC-4B8A-AE35-81B0A3060433}
	EndGlobalSection
EndGlobal
